<?xml version="1.0" encoding="utf-8"?>
<Project ToolsVersion="4.0" xmlns="http://schemas.microsoft.com/developer/msbuild/2003">
  <ItemGroup>
    <Filter Include="Source Files">
      <UniqueIdentifier>{3f7c4cb5-0539-4bd7-80c6-185b3511e4e4}</UniqueIdentifier>
      <Extensions>cpp;c;cxx;rc;def;r;odl;idl;hpj;bat</Extensions>
    </Filter>
    <Filter Include="Header Files">
      <UniqueIdentifier>{42c45ddf-b416-446e-8a0d-624b508f16b8}</UniqueIdentifier>
      <Extensions>h;hpp;hxx;hm;inl</Extensions>
    </Filter>
    <Filter Include="Resource Files">
      <UniqueIdentifier>{288c6b2e-f8b8-4cb6-9b80-01bf43c70017}</UniqueIdentifier>
      <Extensions>ico;cur;bmp;dlg;rc2;rct;bin;rgs;gif;jpg;jpeg;jpe</Extensions>
    </Filter>
  </ItemGroup>
  <ItemGroup>
    <ClCompile Include="IconImageList.cpp">
      <Filter>Source Files</Filter>
    </ClCompile>
    <ClCompile Include="MultiString.cpp">
      <Filter>Source Files</Filter>
    </ClCompile>
    <ClCompile Include="PerfCounter.cpp">
      <Filter>Source Files</Filter>
    </ClCompile>
    <ClCompile Include="PerfCounterAddSourceDlg.cpp">
      <Filter>Source Files</Filter>
    </ClCompile>
    <ClCompile Include="PerfCounterDataSources.cpp">
      <Filter>Source Files</Filter>
    </ClCompile>
    <ClCompile Include="PerfCounterObjects.cpp">
      <Filter>Source Files</Filter>
    </ClCompile>
    <ClCompile Include="PerfCounterSelectInstanceDlg.cpp">
      <Filter>Source Files</Filter>
    </ClCompile>
    <ClCompile Include="PerfCounterSetupDlg.cpp">
      <Filter>Source Files</Filter>
    </ClCompile>
    <ClCompile Include="PerfCounterSetupSourceDlg.cpp">
      <Filter>Source Files</Filter>
    </ClCompile>
    <ClCompile Include="PropertyListCtrl.cpp">
      <Filter>Source Files</Filter>
    </ClCompile>
    <ClCompile Include="StdAfx.cpp">
      <Filter>Source Files</Filter>
    </ClCompile>
  </ItemGroup>
  <ItemGroup>
    <None Include="PerfCounter.def">
      <Filter>Source Files</Filter>
    </None>
    <None Include="res\PerfCounter.rc2">
      <Filter>Resource Files</Filter>
    </None>
  </ItemGroup>
  <ItemGroup>
    <ResourceCompile Include="PerfCounter.rc">
      <Filter>Source Files</Filter>
    </ResourceCompile>
  </ItemGroup>
  <ItemGroup>
    <ClInclude Include="IconImageList.h">
      <Filter>Header Files</Filter>
    </ClInclude>
    <ClInclude Include="MultiString.h">
      <Filter>Header Files</Filter>
    </ClInclude>
    <ClInclude Include="PerfCounterAddSourceDlg.h">
      <Filter>Header Files</Filter>
    </ClInclude>
    <ClInclude Include="PerfCounterDataSources.h">
      <Filter>Header Files</Filter>
    </ClInclude>
    <ClInclude Include="PerfCounterGlobals.h">
      <Filter>Header Files</Filter>
    </ClInclude>
    <ClInclude Include="PerfCounterObjects.h">
      <Filter>Header Files</Filter>
    </ClInclude>
    <ClInclude Include="PerfCounterSelectInstanceDlg.h">
      <Filter>Header Files</Filter>
    </ClInclude>
    <ClInclude Include="PerfCounterSetupDlg.h">
      <Filter>Header Files</Filter>
    </ClInclude>
    <ClInclude Include="PerfCounterSetupSourceDlg.h">
      <Filter>Header Files</Filter>
    </ClInclude>
    <ClInclude Include="PropertyListCtrl.h">
      <Filter>Header Files</Filter>
    </ClInclude>
    <ClInclude Include="Resource.h">
      <Filter>Header Files</Filter>
    </ClInclude>
    <ClInclude Include="StdAfx.h">
      <Filter>Header Files</Filter>
    </ClInclude>
  </ItemGroup>
  <ItemGroup>
    <Image Include="Icons\Select.ico">
      <Filter>Resource Files</Filter>
    </Image>
    <Image Include="Icons\SelectPlaceholder.ico">
      <Filter>Resource Files</Filter>
    </Image>
  </ItemGroup>
</Project>